
Microsoft Visual Studio Solution File, Format Version 12.00
# Visual Studio Version 17
VisualStudioVersion = 17.0.31903.59
MinimumVisualStudioVersion = 10.0.40219.1
Project("{FAE04EC0-301F-11D3-BF4B-00C04F79EFBC}") = "Nexora.Api", "src\Nexora.Api\Nexora.Api.csproj", "{30837881-2DFF-492E-8840-10B2A18AD3CD}"
EndProject
Project("{FAE04EC0-301F-11D3-BF4B-00C04F79EFBC}") = "Nexora.Api.Tests", "tests\Nexora.Api.Tests\Nexora.Api.Tests.csproj", "{A63BEDD9-0272-4CC9-BFC0-40545FFF089D}"
EndProject
Global
	GlobalSection(SolutionConfigurationPlatforms) = preSolution
		Debug|Any CPU = Debug|Any CPU
		Debug|x64 = Debug|x64
		Debug|x86 = Debug|x86
		Release|Any CPU = Release|Any CPU
		Release|x64 = Release|x64
		Release|x86 = Release|x86
	EndGlobalSection
	GlobalSection(ProjectConfigurationPlatforms) = postSolution
		{30837881-2DFF-492E-8840-10B2A18AD3CD}.Debug|Any CPU.ActiveCfg = Debug|Any CPU
		{30837881-2DFF-492E-8840-10B2A18AD3CD}.Debug|Any CPU.Build.0 = Debug|Any CPU
		{30837881-2DFF-492E-8840-10B2A18AD3CD}.Debug|x64.ActiveCfg = Debug|Any CPU
		{30837881-2DFF-492E-8840-10B2A18AD3CD}.Debug|x64.Build.0 = Debug|Any CPU
		{30837881-2DFF-492E-8840-10B2A18AD3CD}.Debug|x86.ActiveCfg = Debug|Any CPU
		{30837881-2DFF-492E-8840-10B2A18AD3CD}.Debug|x86.Build.0 = Debug|Any CPU
		{30837881-2DFF-492E-8840-10B2A18AD3CD}.Release|Any CPU.ActiveCfg = Release|Any CPU
		{30837881-2DFF-492E-8840-10B2A18AD3CD}.Release|Any CPU.Build.0 = Release|Any CPU
		{30837881-2DFF-492E-8840-10B2A18AD3CD}.Release|x64.ActiveCfg = Release|Any CPU
		{30837881-2DFF-492E-8840-10B2A18AD3CD}.Release|x64.Build.0 = Release|Any CPU
		{30837881-2DFF-492E-8840-10B2A18AD3CD}.Release|x86.ActiveCfg = Release|Any CPU
		{30837881-2DFF-492E-8840-10B2A18AD3CD}.Release|x86.Build.0 = Release|Any CPU
		{A63BEDD9-0272-4CC9-BFC0-40545FFF089D}.Debug|Any CPU.ActiveCfg = Debug|Any CPU
		{A63BEDD9-0272-4CC9-BFC0-40545FFF089D}.Debug|Any CPU.Build.0 = Debug|Any CPU
		{A63BEDD9-0272-4CC9-BFC0-40545FFF089D}.Debug|x64.ActiveCfg = Debug|Any CPU
		{A63BEDD9-0272-4CC9-BFC0-40545FFF089D}.Debug|x64.Build.0 = Debug|Any CPU
		{A63BEDD9-0272-4CC9-BFC0-40545FFF089D}.Debug|x86.ActiveCfg = Debug|Any CPU
		{A63BEDD9-0272-4CC9-BFC0-40545FFF089D}.Debug|x86.Build.0 = Debug|Any CPU
		{A63BEDD9-0272-4CC9-BFC0-40545FFF089D}.Release|Any CPU.ActiveCfg = Release|Any CPU
		{A63BEDD9-0272-4CC9-BFC0-40545FFF089D}.Release|Any CPU.Build.0 = Release|Any CPU
		{A63BEDD9-0272-4CC9-BFC0-40545FFF089D}.Release|x64.ActiveCfg = Release|Any CPU
		{A63BEDD9-0272-4CC9-BFC0-40545FFF089D}.Release|x64.Build.0 = Release|Any CPU
		{A63BEDD9-0272-4CC9-BFC0-40545FFF089D}.Release|x86.ActiveCfg = Release|Any CPU
		{A63BEDD9-0272-4CC9-BFC0-40545FFF089D}.Release|x86.Build.0 = Release|Any CPU
	EndGlobalSection
	GlobalSection(SolutionProperties) = preSolution
		HideSolutionNode = FALSE
	EndGlobalSection
EndGlobal
