
Microsoft Visual Studio Solution File, Format Version 12.00
# Visual Studio Version 17
VisualStudioVersion = 17.0.31903.59
MinimumVisualStudioVersion = 10.0.40219.1
Project("{FAE04EC0-301F-11D3-BF4B-00C04F79EFBC}") = "Nexora.Api", "src\Nexora.Api\Nexora.Api.csproj", "{30837881-2DFF-492E-8840-10B2A18AD3CD}"
EndProject
Project("{FAE04EC0-301F-11D3-BF4B-00C04F79EFBC}") = "Nexora.Api.Tests", "tests\Nexora.Api.Tests\Nexora.Api.Tests.csproj", "{A63BEDD9-0272-4CC9-BFC0-40545FFF089D}"
EndProject
Project("{2150E333-8FDC-42A3-9474-1A3956D46DE8}") = "src", "src", "{827E0CD3-B72D-47B6-A68D-7590B98EB39B}"
EndProject
Project("{2150E333-8FDC-42A3-9474-1A3956D46DE8}") = "BuildingBlocks", "BuildingBlocks", "{90298CBA-BD6F-3A0A-69D5-97CAD7B05E7E}"
EndProject
Project("{FAE04EC0-301F-11D3-BF4B-00C04F79EFBC}") = "Nexora.BuildingBlocks", "src\BuildingBlocks\Nexora.BuildingBlocks\Nexora.BuildingBlocks.csproj", "{C39A73AD-7EF2-4D73-984D-F70B4BC4D5C5}"
EndProject
Project("{2150E333-8FDC-42A3-9474-1A3956D46DE8}") = "Modules", "Modules", "{EC447DCF-ABFA-6E24-52A5-D7FD48A5C558}"
EndProject
Project("{2150E333-8FDC-42A3-9474-1A3956D46DE8}") = "Platform", "Platform", "{9A7A7B35-1930-94AB-6B80-4A89F89E5FE9}"
EndProject
Project("{FAE04EC0-301F-11D3-BF4B-00C04F79EFBC}") = "Nexora.Modules.Platform.Contracts", "src\Modules\Platform\Nexora.Modules.Platform.Contracts\Nexora.Modules.Platform.Contracts.csproj", "{7BE3AD98-64D1-4C76-AE7E-5CD1CBD075E8}"
EndProject
Project("{FAE04EC0-301F-11D3-BF4B-00C04F79EFBC}") = "Nexora.Modules.Platform", "src\Modules\Platform\Nexora.Modules.Platform\Nexora.Modules.Platform.csproj", "{E529656F-9AD7-4ACF-94D7-E2FB9D9C7B27}"
EndProject
Project("{2150E333-8FDC-42A3-9474-1A3956D46DE8}") = "tests", "tests", "{0AB3BF05-4346-4AA6-1389-037BE0695223}"
EndProject
Project("{FAE04EC0-301F-11D3-BF4B-00C04F79EFBC}") = "Nexora.ArchitectureTests", "tests\Nexora.ArchitectureTests\Nexora.ArchitectureTests.csproj", "{20405F07-307D-469D-A881-A887371D2091}"
EndProject
Global
	GlobalSection(SolutionConfigurationPlatforms) = preSolution
		Debug|Any CPU = Debug|Any CPU
		Debug|x64 = Debug|x64
		Debug|x86 = Debug|x86
		Release|Any CPU = Release|Any CPU
		Release|x64 = Release|x64
		Release|x86 = Release|x86
	EndGlobalSection
	GlobalSection(ProjectConfigurationPlatforms) = postSolution
		{30837881-2DFF-492E-8840-10B2A18AD3CD}.Debug|Any CPU.ActiveCfg = Debug|Any CPU
		{30837881-2DFF-492E-8840-10B2A18AD3CD}.Debug|Any CPU.Build.0 = Debug|Any CPU
		{30837881-2DFF-492E-8840-10B2A18AD3CD}.Debug|x64.ActiveCfg = Debug|Any CPU
		{30837881-2DFF-492E-8840-10B2A18AD3CD}.Debug|x64.Build.0 = Debug|Any CPU
		{30837881-2DFF-492E-8840-10B2A18AD3CD}.Debug|x86.ActiveCfg = Debug|Any CPU
		{30837881-2DFF-492E-8840-10B2A18AD3CD}.Debug|x86.Build.0 = Debug|Any CPU
		{30837881-2DFF-492E-8840-10B2A18AD3CD}.Release|Any CPU.ActiveCfg = Release|Any CPU
		{30837881-2DFF-492E-8840-10B2A18AD3CD}.Release|Any CPU.Build.0 = Release|Any CPU
		{30837881-2DFF-492E-8840-10B2A18AD3CD}.Release|x64.ActiveCfg = Release|Any CPU
		{30837881-2DFF-492E-8840-10B2A18AD3CD}.Release|x64.Build.0 = Release|Any CPU
		{30837881-2DFF-492E-8840-10B2A18AD3CD}.Release|x86.ActiveCfg = Release|Any CPU
		{30837881-2DFF-492E-8840-10B2A18AD3CD}.Release|x86.Build.0 = Release|Any CPU
		{A63BEDD9-0272-4CC9-BFC0-40545FFF089D}.Debug|Any CPU.ActiveCfg = Debug|Any CPU
		{A63BEDD9-0272-4CC9-BFC0-40545FFF089D}.Debug|Any CPU.Build.0 = Debug|Any CPU
		{A63BEDD9-0272-4CC9-BFC0-40545FFF089D}.Debug|x64.ActiveCfg = Debug|Any CPU
		{A63BEDD9-0272-4CC9-BFC0-40545FFF089D}.Debug|x64.Build.0 = Debug|Any CPU
		{A63BEDD9-0272-4CC9-BFC0-40545FFF089D}.Debug|x86.ActiveCfg = Debug|Any CPU
		{A63BEDD9-0272-4CC9-BFC0-40545FFF089D}.Debug|x86.Build.0 = Debug|Any CPU
		{A63BEDD9-0272-4CC9-BFC0-40545FFF089D}.Release|Any CPU.ActiveCfg = Release|Any CPU
		{A63BEDD9-0272-4CC9-BFC0-40545FFF089D}.Release|Any CPU.Build.0 = Release|Any CPU
		{A63BEDD9-0272-4CC9-BFC0-40545FFF089D}.Release|x64.ActiveCfg = Release|Any CPU
		{A63BEDD9-0272-4CC9-BFC0-40545FFF089D}.Release|x64.Build.0 = Release|Any CPU
		{A63BEDD9-0272-4CC9-BFC0-40545FFF089D}.Release|x86.ActiveCfg = Release|Any CPU
		{A63BEDD9-0272-4CC9-BFC0-40545FFF089D}.Release|x86.Build.0 = Release|Any CPU
		{C39A73AD-7EF2-4D73-984D-F70B4BC4D5C5}.Debug|Any CPU.ActiveCfg = Debug|Any CPU
		{C39A73AD-7EF2-4D73-984D-F70B4BC4D5C5}.Debug|Any CPU.Build.0 = Debug|Any CPU
		{C39A73AD-7EF2-4D73-984D-F70B4BC4D5C5}.Debug|x64.ActiveCfg = Debug|Any CPU
		{C39A73AD-7EF2-4D73-984D-F70B4BC4D5C5}.Debug|x64.Build.0 = Debug|Any CPU
		{C39A73AD-7EF2-4D73-984D-F70B4BC4D5C5}.Debug|x86.ActiveCfg = Debug|Any CPU
		{C39A73AD-7EF2-4D73-984D-F70B4BC4D5C5}.Debug|x86.Build.0 = Debug|Any CPU
		{C39A73AD-7EF2-4D73-984D-F70B4BC4D5C5}.Release|Any CPU.ActiveCfg = Release|Any CPU
		{C39A73AD-7EF2-4D73-984D-F70B4BC4D5C5}.Release|Any CPU.Build.0 = Release|Any CPU
		{C39A73AD-7EF2-4D73-984D-F70B4BC4D5C5}.Release|x64.ActiveCfg = Release|Any CPU
		{C39A73AD-7EF2-4D73-984D-F70B4BC4D5C5}.Release|x64.Build.0 = Release|Any CPU
		{C39A73AD-7EF2-4D73-984D-F70B4BC4D5C5}.Release|x86.ActiveCfg = Release|Any CPU
		{C39A73AD-7EF2-4D73-984D-F70B4BC4D5C5}.Release|x86.Build.0 = Release|Any CPU
		{7BE3AD98-64D1-4C76-AE7E-5CD1CBD075E8}.Debug|Any CPU.ActiveCfg = Debug|Any CPU
		{7BE3AD98-64D1-4C76-AE7E-5CD1CBD075E8}.Debug|Any CPU.Build.0 = Debug|Any CPU
		{7BE3AD98-64D1-4C76-AE7E-5CD1CBD075E8}.Debug|x64.ActiveCfg = Debug|Any CPU
		{7BE3AD98-64D1-4C76-AE7E-5CD1CBD075E8}.Debug|x64.Build.0 = Debug|Any CPU
		{7BE3AD98-64D1-4C76-AE7E-5CD1CBD075E8}.Debug|x86.ActiveCfg = Debug|Any CPU
		{7BE3AD98-64D1-4C76-AE7E-5CD1CBD075E8}.Debug|x86.Build.0 = Debug|Any CPU
		{7BE3AD98-64D1-4C76-AE7E-5CD1CBD075E8}.Release|Any CPU.ActiveCfg = Release|Any CPU
		{7BE3AD98-64D1-4C76-AE7E-5CD1CBD075E8}.Release|Any CPU.Build.0 = Release|Any CPU
		{7BE3AD98-64D1-4C76-AE7E-5CD1CBD075E8}.Release|x64.ActiveCfg = Release|Any CPU
		{7BE3AD98-64D1-4C76-AE7E-5CD1CBD075E8}.Release|x64.Build.0 = Release|Any CPU
		{7BE3AD98-64D1-4C76-AE7E-5CD1CBD075E8}.Release|x86.ActiveCfg = Release|Any CPU
		{7BE3AD98-64D1-4C76-AE7E-5CD1CBD075E8}.Release|x86.Build.0 = Release|Any CPU
		{E529656F-9AD7-4ACF-94D7-E2FB9D9C7B27}.Debug|Any CPU.ActiveCfg = Debug|Any CPU
		{E529656F-9AD7-4ACF-94D7-E2FB9D9C7B27}.Debug|Any CPU.Build.0 = Debug|Any CPU
		{E529656F-9AD7-4ACF-94D7-E2FB9D9C7B27}.Debug|x64.ActiveCfg = Debug|Any CPU
		{E529656F-9AD7-4ACF-94D7-E2FB9D9C7B27}.Debug|x64.Build.0 = Debug|Any CPU
		{E529656F-9AD7-4ACF-94D7-E2FB9D9C7B27}.Debug|x86.ActiveCfg = Debug|Any CPU
		{E529656F-9AD7-4ACF-94D7-E2FB9D9C7B27}.Debug|x86.Build.0 = Debug|Any CPU
		{E529656F-9AD7-4ACF-94D7-E2FB9D9C7B27}.Release|Any CPU.ActiveCfg = Release|Any CPU
		{E529656F-9AD7-4ACF-94D7-E2FB9D9C7B27}.Release|Any CPU.Build.0 = Release|Any CPU
		{E529656F-9AD7-4ACF-94D7-E2FB9D9C7B27}.Release|x64.ActiveCfg = Release|Any CPU
		{E529656F-9AD7-4ACF-94D7-E2FB9D9C7B27}.Release|x64.Build.0 = Release|Any CPU
		{E529656F-9AD7-4ACF-94D7-E2FB9D9C7B27}.Release|x86.ActiveCfg = Release|Any CPU
		{E529656F-9AD7-4ACF-94D7-E2FB9D9C7B27}.Release|x86.Build.0 = Release|Any CPU
		{20405F07-307D-469D-A881-A887371D2091}.Debug|Any CPU.ActiveCfg = Debug|Any CPU
		{20405F07-307D-469D-A881-A887371D2091}.Debug|Any CPU.Build.0 = Debug|Any CPU
		{20405F07-307D-469D-A881-A887371D2091}.Debug|x64.ActiveCfg = Debug|Any CPU
		{20405F07-307D-469D-A881-A887371D2091}.Debug|x64.Build.0 = Debug|Any CPU
		{20405F07-307D-469D-A881-A887371D2091}.Debug|x86.ActiveCfg = Debug|Any CPU
		{20405F07-307D-469D-A881-A887371D2091}.Debug|x86.Build.0 = Debug|Any CPU
		{20405F07-307D-469D-A881-A887371D2091}.Release|Any CPU.ActiveCfg = Release|Any CPU
		{20405F07-307D-469D-A881-A887371D2091}.Release|Any CPU.Build.0 = Release|Any CPU
		{20405F07-307D-469D-A881-A887371D2091}.Release|x64.ActiveCfg = Release|Any CPU
		{20405F07-307D-469D-A881-A887371D2091}.Release|x64.Build.0 = Release|Any CPU
		{20405F07-307D-469D-A881-A887371D2091}.Release|x86.ActiveCfg = Release|Any CPU
		{20405F07-307D-469D-A881-A887371D2091}.Release|x86.Build.0 = Release|Any CPU
	EndGlobalSection
	GlobalSection(SolutionProperties) = preSolution
		HideSolutionNode = FALSE
	EndGlobalSection
	GlobalSection(NestedProjects) = preSolution
		{90298CBA-BD6F-3A0A-69D5-97CAD7B05E7E} = {827E0CD3-B72D-47B6-A68D-7590B98EB39B}
		{C39A73AD-7EF2-4D73-984D-F70B4BC4D5C5} = {90298CBA-BD6F-3A0A-69D5-97CAD7B05E7E}
		{EC447DCF-ABFA-6E24-52A5-D7FD48A5C558} = {827E0CD3-B72D-47B6-A68D-7590B98EB39B}
		{9A7A7B35-1930-94AB-6B80-4A89F89E5FE9} = {EC447DCF-ABFA-6E24-52A5-D7FD48A5C558}
		{7BE3AD98-64D1-4C76-AE7E-5CD1CBD075E8} = {9A7A7B35-1930-94AB-6B80-4A89F89E5FE9}
		{E529656F-9AD7-4ACF-94D7-E2FB9D9C7B27} = {9A7A7B35-1930-94AB-6B80-4A89F89E5FE9}
		{20405F07-307D-469D-A881-A887371D2091} = {0AB3BF05-4346-4AA6-1389-037BE0695223}
	EndGlobalSection
EndGlobal
